
Microsoft Visual Studio Solution File, Format Version 12.00
# Visual Studio Version 16
VisualStudioVersion = 16.0.32126.315
MinimumVisualStudioVersion = 10.0.40219.1
Project("{FAE04EC0-301F-11D3-BF4B-00C04F79EFBC}") = "KeysConfiguration", "KeysConfiguration.csproj", "{4D3B9E6A-D155-40D0-83F0-6F9E3D371FFC}"
EndProject
Global
	GlobalSection(SolutionConfigurationPlatforms) = preSolution
		Debug|Any CPU = Debug|Any CPU
		Release|Any CPU = Release|Any CPU
	EndGlobalSection
	GlobalSection(ProjectConfigurationPlatforms) = postSolution
		{4D3B9E6A-D155-40D0-83F0-6F9E3D371FFC}.Debug|Any CPU.ActiveCfg = Debug|Any CPU
		{4D3B9E6A-D155-40D0-83F0-6F9E3D371FFC}.Debug|Any CPU.Build.0 = Debug|Any CPU
		{4D3B9E6A-D155-40D0-83F0-6F9E3D371FFC}.Release|Any CPU.ActiveCfg = Release|Any CPU
		{4D3B9E6A-D155-40D0-83F0-6F9E3D371FFC}.Release|Any CPU.Build.0 = Release|Any CPU
	EndGlobalSection
	GlobalSection(SolutionProperties) = preSolution
		HideSolutionNode = FALSE
	EndGlobalSection
	GlobalSection(ExtensibilityGlobals) = postSolution
		SolutionGuid = {49F439E3-C77E-4F65-BA4C-D367DB386149}
	EndGlobalSection
EndGlobal
